
Microsoft Visual Studio Solution File, Format Version 11.00
# Visual Studio 2010
Project("{FAE04EC0-301F-11D3-BF4B-00C04F79EFBC}") = "Fiday13", "Fiday13\Fiday13.csproj", "{708B1C07-098D-453D-A831-1CEAB88267B7}"
EndProject
Global
	GlobalSection(SolutionConfigurationPlatforms) = preSolution
		Debug|Any CPU = Debug|Any CPU
		Release|Any CPU = Release|Any CPU
	EndGlobalSection
	GlobalSection(ProjectConfigurationPlatforms) = postSolution
		{708B1C07-098D-453D-A831-1CEAB88267B7}.Debug|Any CPU.ActiveCfg = Debug|Any CPU
		{708B1C07-098D-453D-A831-1CEAB88267B7}.Debug|Any CPU.Build.0 = Debug|Any CPU
		{708B1C07-098D-453D-A831-1CEAB88267B7}.Release|Any CPU.ActiveCfg = Release|Any CPU
		{708B1C07-098D-453D-A831-1CEAB88267B7}.Release|Any CPU.Build.0 = Release|Any CPU
	EndGlobalSection
	GlobalSection(SolutionProperties) = preSolution
		HideSolutionNode = FALSE
	EndGlobalSection
EndGlobal
