// !$*UTF8*$!
{
	archiveVersion = 1;
	classes = {
	};
	objectVersion = 46;
	objects = {

/* Begin PBXBuildFile section */
		41F2D84B142D3ACE007EDB2A /* Foundation.framework in Frameworks */ = {isa = PBXBuildFile; fileRef = 41F2D84A142D3ACE007EDB2A /* Foundation.framework */; };
		41F2D84E142D3ACE007EDB2A /* main.m in Sources */ = {isa = PBXBuildFile; fileRef = 41F2D84D142D3ACE007EDB2A /* main.m */; };
		41F2D852142D3ACE007EDB2A /* HelloWorld.1 in CopyFiles */ = {isa = PBXBuildFile; fileRef = 41F2D851142D3ACE007EDB2A /* HelloWorld.1 */; };
		41F2D85A142D3C41007EDB2A /* Robot.m in Sources */ = {isa = PBXBuildFile; fileRef = 41F2D859142D3C41007EDB2A /* Robot.m */; };
		41F2D85D142D3CB0007EDB2A /* Vector.m in Sources */ = {isa = PBXBuildFile; fileRef = 41F2D85C142D3CB0007EDB2A /* Vector.m */; };
/* End PBXBuildFile section */

/* Begin PBXCopyFilesBuildPhase section */
		41F2D844142D3ACE007EDB2A /* CopyFiles */ = {
			isa = PBXCopyFilesBuildPhase;
			buildActionMask = 2147483647;
			dstPath = /usr/share/man/man1/;
			dstSubfolderSpec = 0;
			files = (
				41F2D852142D3ACE007EDB2A /* HelloWorld.1 in CopyFiles */,
			);
			runOnlyForDeploymentPostprocessing = 1;
		};
/* End PBXCopyFilesBuildPhase section */

/* Begin PBXFileReference section */
		41F2D846142D3ACE007EDB2A /* HelloWorld */ = {isa = PBXFileReference; explicitFileType = "compiled.mach-o.executable"; includeInIndex = 0; path = HelloWorld; sourceTree = BUILT_PRODUCTS_DIR; };
		41F2D84A142D3ACE007EDB2A /* Foundation.framework */ = {isa = PBXFileReference; lastKnownFileType = wrapper.framework; name = Foundation.framework; path = System/Library/Frameworks/Foundation.framework; sourceTree = SDKROOT; };
		41F2D84D142D3ACE007EDB2A /* main.m */ = {isa = PBXFileReference; lastKnownFileType = sourcecode.c.objc; path = main.m; sourceTree = "<group>"; };
		41F2D850142D3ACE007EDB2A /* HelloWorld-Prefix.pch */ = {isa = PBXFileReference; lastKnownFileType = sourcecode.c.h; path = "HelloWorld-Prefix.pch"; sourceTree = "<group>"; };
		41F2D851142D3ACE007EDB2A /* HelloWorld.1 */ = {isa = PBXFileReference; lastKnownFileType = text.man; path = HelloWorld.1; sourceTree = "<group>"; };
		41F2D858142D3C41007EDB2A /* Robot.h */ = {isa = PBXFileReference; fileEncoding = 4; lastKnownFileType = sourcecode.c.h; path = Robot.h; sourceTree = "<group>"; };
		41F2D859142D3C41007EDB2A /* Robot.m */ = {isa = PBXFileReference; fileEncoding = 4; lastKnownFileType = sourcecode.c.objc; path = Robot.m; sourceTree = "<group>"; };
		41F2D85B142D3CB0007EDB2A /* Vector.h */ = {isa = PBXFileReference; fileEncoding = 4; lastKnownFileType = sourcecode.c.h; path = Vector.h; sourceTree = "<group>"; };
		41F2D85C142D3CB0007EDB2A /* Vector.m */ = {isa = PBXFileReference; fileEncoding = 4; lastKnownFileType = sourcecode.c.objc; path = Vector.m; sourceTree = "<group>"; };
/* End PBXFileReference section */

/* Begin PBXFrameworksBuildPhase section */
		41F2D843142D3ACE007EDB2A /* Frameworks */ = {
			isa = PBXFrameworksBuildPhase;
			buildActionMask = 2147483647;
			files = (
				41F2D84B142D3ACE007EDB2A /* Foundation.framework in Frameworks */,
			);
			runOnlyForDeploymentPostprocessing = 0;
		};
/* End PBXFrameworksBuildPhase section */

/* Begin PBXGroup section */
		41F2D83B142D3ACE007EDB2A = {
			isa = PBXGroup;
			children = (
				41F2D84C142D3ACE007EDB2A /* HelloWorld */,
				41F2D849142D3ACE007EDB2A /* Frameworks */,
				41F2D847142D3ACE007EDB2A /* Products */,
			);
			sourceTree = "<group>";
		};
		41F2D847142D3ACE007EDB2A /* Products */ = {
			isa = PBXGroup;
			children = (
				41F2D846142D3ACE007EDB2A /* HelloWorld */,
			);
			name = Products;
			sourceTree = "<group>";
		};
		41F2D849142D3ACE007EDB2A /* Frameworks */ = {
			isa = PBXGroup;
			children = (
				41F2D84A142D3ACE007EDB2A /* Foundation.framework */,
			);
			name = Frameworks;
			sourceTree = "<group>";
		};
		41F2D84C142D3ACE007EDB2A /* HelloWorld */ = {
			isa = PBXGroup;
			children = (
				41F2D84D142D3ACE007EDB2A /* main.m */,
				41F2D851142D3ACE007EDB2A /* HelloWorld.1 */,
				41F2D84F142D3ACE007EDB2A /* Supporting Files */,
				41F2D858142D3C41007EDB2A /* Robot.h */,
				41F2D85B142D3CB0007EDB2A /* Vector.h */,
				41F2D85C142D3CB0007EDB2A /* Vector.m */,
				41F2D859142D3C41007EDB2A /* Robot.m */,
			);
			path = HelloWorld;
			sourceTree = "<group>";
		};
		41F2D84F142D3ACE007EDB2A /* Supporting Files */ = {
			isa = PBXGroup;
			children = (
				41F2D850142D3ACE007EDB2A /* HelloWorld-Prefix.pch */,
			);
			name = "Supporting Files";
			sourceTree = "<group>";
		};
/* End PBXGroup section */

/* Begin PBXNativeTarget section */
		41F2D845142D3ACE007EDB2A /* HelloWorld */ = {
			isa = PBXNativeTarget;
			buildConfigurationList = 41F2D855142D3ACE007EDB2A /* Build configuration list for PBXNativeTarget "HelloWorld" */;
			buildPhases = (
				41F2D842142D3ACE007EDB2A /* Sources */,
				41F2D843142D3ACE007EDB2A /* Frameworks */,
				41F2D844142D3ACE007EDB2A /* CopyFiles */,
			);
			buildRules = (
			);
			dependencies = (
			);
			name = HelloWorld;
			productName = HelloWorld;
			productReference = 41F2D846142D3ACE007EDB2A /* HelloWorld */;
			productType = "com.apple.product-type.tool";
		};
/* End PBXNativeTarget section */

/* Begin PBXProject section */
		41F2D83D142D3ACE007EDB2A /* Project object */ = {
			isa = PBXProject;
			buildConfigurationList = 41F2D840142D3ACE007EDB2A /* Build configuration list for PBXProject "HelloWorld" */;
			compatibilityVersion = "Xcode 3.2";
			developmentRegion = English;
			hasScannedForEncodings = 0;
			knownRegions = (
				en,
			);
			mainGroup = 41F2D83B142D3ACE007EDB2A;
			productRefGroup = 41F2D847142D3ACE007EDB2A /* Products */;
			projectDirPath = "";
			projectRoot = "";
			targets = (
				41F2D845142D3ACE007EDB2A /* HelloWorld */,
			);
		};
/* End PBXProject section */

/* Begin PBXSourcesBuildPhase section */
		41F2D842142D3ACE007EDB2A /* Sources */ = {
			isa = PBXSourcesBuildPhase;
			buildActionMask = 2147483647;
			files = (
				41F2D84E142D3ACE007EDB2A /* main.m in Sources */,
				41F2D85A142D3C41007EDB2A /* Robot.m in Sources */,
				41F2D85D142D3CB0007EDB2A /* Vector.m in Sources */,
			);
			runOnlyForDeploymentPostprocessing = 0;
		};
/* End PBXSourcesBuildPhase section */

/* Begin XCBuildConfiguration section */
		41F2D853142D3ACE007EDB2A /* Debug */ = {
			isa = XCBuildConfiguration;
			buildSettings = {
				ALWAYS_SEARCH_USER_PATHS = NO;
				ARCHS = "$(ARCHS_STANDARD_64_BIT)";
				COPY_PHASE_STRIP = NO;
				GCC_C_LANGUAGE_STANDARD = gnu99;
				GCC_DYNAMIC_NO_PIC = NO;
				GCC_ENABLE_OBJC_EXCEPTIONS = YES;
				GCC_OPTIMIZATION_LEVEL = 0;
				GCC_PREPROCESSOR_DEFINITIONS = (
					"DEBUG=1",
					"$(inherited)",
				);
				GCC_SYMBOLS_PRIVATE_EXTERN = NO;
				GCC_VERSION = com.apple.compilers.llvm.clang.1_0;
				GCC_WARN_64_TO_32_BIT_CONVERSION = YES;
				GCC_WARN_ABOUT_MISSING_PROTOTYPES = YES;
				GCC_WARN_ABOUT_RETURN_TYPE = YES;
				GCC_WARN_UNUSED_VARIABLE = YES;
				MACOSX_DEPLOYMENT_TARGET = 10.7;
				ONLY_ACTIVE_ARCH = YES;
				SDKROOT = macosx;
			};
			name = Debug;
		};
		41F2D854142D3ACE007EDB2A /* Release */ = {
			isa = XCBuildConfiguration;
			buildSettings = {
				ALWAYS_SEARCH_USER_PATHS = NO;
				ARCHS = "$(ARCHS_STANDARD_64_BIT)";
				COPY_PHASE_STRIP = YES;
				DEBUG_INFORMATION_FORMAT = "dwarf-with-dsym";
				GCC_C_LANGUAGE_STANDARD = gnu99;
				GCC_ENABLE_OBJC_EXCEPTIONS = YES;
				GCC_VERSION = com.apple.compilers.llvm.clang.1_0;
				GCC_WARN_64_TO_32_BIT_CONVERSION = YES;
				GCC_WARN_ABOUT_MISSING_PROTOTYPES = YES;
				GCC_WARN_ABOUT_RETURN_TYPE = YES;
				GCC_WARN_UNUSED_VARIABLE = YES;
				MACOSX_DEPLOYMENT_TARGET = 10.7;
				SDKROOT = macosx;
			};
			name = Release;
		};
		41F2D856142D3ACE007EDB2A /* Debug */ = {
			isa = XCBuildConfiguration;
			buildSettings = {
				GCC_PRECOMPILE_PREFIX_HEADER = YES;
				GCC_PREFIX_HEADER = "HelloWorld/HelloWorld-Prefix.pch";
				PRODUCT_NAME = "$(TARGET_NAME)";
			};
			name = Debug;
		};
		41F2D857142D3ACE007EDB2A /* Release */ = {
			isa = XCBuildConfiguration;
			buildSettings = {
				GCC_PRECOMPILE_PREFIX_HEADER = YES;
				GCC_PREFIX_HEADER = "HelloWorld/HelloWorld-Prefix.pch";
				PRODUCT_NAME = "$(TARGET_NAME)";
			};
			name = Release;
		};
/* End XCBuildConfiguration section */

/* Begin XCConfigurationList section */
		41F2D840142D3ACE007EDB2A /* Build configuration list for PBXProject "HelloWorld" */ = {
			isa = XCConfigurationList;
			buildConfigurations = (
				41F2D853142D3ACE007EDB2A /* Debug */,
				41F2D854142D3ACE007EDB2A /* Release */,
			);
			defaultConfigurationIsVisible = 0;
			defaultConfigurationName = Release;
		};
		41F2D855142D3ACE007EDB2A /* Build configuration list for PBXNativeTarget "HelloWorld" */ = {
			isa = XCConfigurationList;
			buildConfigurations = (
				41F2D856142D3ACE007EDB2A /* Debug */,
				41F2D857142D3ACE007EDB2A /* Release */,
			);
			defaultConfigurationIsVisible = 0;
		};
/* End XCConfigurationList section */
	};
	rootObject = 41F2D83D142D3ACE007EDB2A /* Project object */;
}
